
Microsoft Visual Studio Solution File, Format Version 12.00
# Visual Studio Version 16
VisualStudioVersion = 16.0.32002.261
MinimumVisualStudioVersion = 10.0.40219.1
Project("{FAE04EC0-301F-11D3-BF4B-00C04F79EFBC}") = "LS_6_Arrays", "LS_6_Arrays\LS_6_Arrays.csproj", "{F7F7CCDC-297A-400D-B8D5-2D5E5148AE4C}"
EndProject
Global
	GlobalSection(SolutionConfigurationPlatforms) = preSolution
		Debug|Any CPU = Debug|Any CPU
		Release|Any CPU = Release|Any CPU
	EndGlobalSection
	GlobalSection(ProjectConfigurationPlatforms) = postSolution
		{F7F7CCDC-297A-400D-B8D5-2D5E5148AE4C}.Debug|Any CPU.ActiveCfg = Debug|Any CPU
		{F7F7CCDC-297A-400D-B8D5-2D5E5148AE4C}.Debug|Any CPU.Build.0 = Debug|Any CPU
		{F7F7CCDC-297A-400D-B8D5-2D5E5148AE4C}.Release|Any CPU.ActiveCfg = Release|Any CPU
		{F7F7CCDC-297A-400D-B8D5-2D5E5148AE4C}.Release|Any CPU.Build.0 = Release|Any CPU
	EndGlobalSection
	GlobalSection(SolutionProperties) = preSolution
		HideSolutionNode = FALSE
	EndGlobalSection
	GlobalSection(ExtensibilityGlobals) = postSolution
		SolutionGuid = {3505F0C7-0923-40BB-9053-8A22431D92C2}
	EndGlobalSection
EndGlobal
